// !$*UTF8*$!
{
	archiveVersion = 1;
	classes = {
	};
	objectVersion = 50;
	objects = {

/* Begin PBXBuildFile section */
		5C5F52932B5376E800D586F6 /* UIViewController+ESC.m in Sources */ = {isa = PBXBuildFile; fileRef = 5C5F52922B5376E800D586F6 /* UIViewController+ESC.m */; };
		F06610412241DF2100FC8267 /* AppDelegate.m in Sources */ = {isa = PBXBuildFile; fileRef = F06610402241DF2100FC8267 /* AppDelegate.m */; };
		F06610442241DF2100FC8267 /* ViewController.m in Sources */ = {isa = PBXBuildFile; fileRef = F06610432241DF2100FC8267 /* ViewController.m */; };
		F06610472241DF2100FC8267 /* Main.storyboard in Resources */ = {isa = PBXBuildFile; fileRef = F06610452241DF2100FC8267 /* Main.storyboard */; };
		F06610492241DF2500FC8267 /* Assets.xcassets in Resources */ = {isa = PBXBuildFile; fileRef = F06610482241DF2500FC8267 /* Assets.xcassets */; };
		F066104C2241DF2500FC8267 /* LaunchScreen.storyboard in Resources */ = {isa = PBXBuildFile; fileRef = F066104A2241DF2500FC8267 /* LaunchScreen.storyboard */; };
		F066104F2241DF2500FC8267 /* main.m in Sources */ = {isa = PBXBuildFile; fileRef = F066104E2241DF2500FC8267 /* main.m */; };
		F06610572241DF4800FC8267 /* ESCPersonModel.m in Sources */ = {isa = PBXBuildFile; fileRef = F06610562241DF4800FC8267 /* ESCPersonModel.m */; };
		F066105A2241E18100FC8267 /* ESCPersonModel+Test.m in Sources */ = {isa = PBXBuildFile; fileRef = F06610592241E18100FC8267 /* ESCPersonModel+Test.m */; };
/* End PBXBuildFile section */

/* Begin PBXFileReference section */
		5C5F52912B5376E800D586F6 /* UIViewController+ESC.h */ = {isa = PBXFileReference; fileEncoding = 4; lastKnownFileType = sourcecode.c.h; path = "UIViewController+ESC.h"; sourceTree = "<group>"; };
		5C5F52922B5376E800D586F6 /* UIViewController+ESC.m */ = {isa = PBXFileReference; fileEncoding = 4; lastKnownFileType = sourcecode.c.objc; path = "UIViewController+ESC.m"; sourceTree = "<group>"; };
		F066103C2241DF2100FC8267 /* ESCRunTimeDemo.app */ = {isa = PBXFileReference; explicitFileType = wrapper.application; includeInIndex = 0; path = ESCRunTimeDemo.app; sourceTree = BUILT_PRODUCTS_DIR; };
		F066103F2241DF2100FC8267 /* AppDelegate.h */ = {isa = PBXFileReference; lastKnownFileType = sourcecode.c.h; path = AppDelegate.h; sourceTree = "<group>"; };
		F06610402241DF2100FC8267 /* AppDelegate.m */ = {isa = PBXFileReference; lastKnownFileType = sourcecode.c.objc; path = AppDelegate.m; sourceTree = "<group>"; };
		F06610422241DF2100FC8267 /* ViewController.h */ = {isa = PBXFileReference; lastKnownFileType = sourcecode.c.h; path = ViewController.h; sourceTree = "<group>"; };
		F06610432241DF2100FC8267 /* ViewController.m */ = {isa = PBXFileReference; lastKnownFileType = sourcecode.c.objc; path = ViewController.m; sourceTree = "<group>"; };
		F06610462241DF2100FC8267 /* Base */ = {isa = PBXFileReference; lastKnownFileType = file.storyboard; name = Base; path = Base.lproj/Main.storyboard; sourceTree = "<group>"; };
		F06610482241DF2500FC8267 /* Assets.xcassets */ = {isa = PBXFileReference; lastKnownFileType = folder.assetcatalog; path = Assets.xcassets; sourceTree = "<group>"; };
		F066104B2241DF2500FC8267 /* Base */ = {isa = PBXFileReference; lastKnownFileType = file.storyboard; name = Base; path = Base.lproj/LaunchScreen.storyboard; sourceTree = "<group>"; };
		F066104D2241DF2500FC8267 /* Info.plist */ = {isa = PBXFileReference; lastKnownFileType = text.plist.xml; path = Info.plist; sourceTree = "<group>"; };
		F066104E2241DF2500FC8267 /* main.m */ = {isa = PBXFileReference; lastKnownFileType = sourcecode.c.objc; path = main.m; sourceTree = "<group>"; };
		F06610552241DF4800FC8267 /* ESCPersonModel.h */ = {isa = PBXFileReference; lastKnownFileType = sourcecode.c.h; path = ESCPersonModel.h; sourceTree = "<group>"; };
		F06610562241DF4800FC8267 /* ESCPersonModel.m */ = {isa = PBXFileReference; lastKnownFileType = sourcecode.c.objc; path = ESCPersonModel.m; sourceTree = "<group>"; };
		F06610582241E18100FC8267 /* ESCPersonModel+Test.h */ = {isa = PBXFileReference; lastKnownFileType = sourcecode.c.h; path = "ESCPersonModel+Test.h"; sourceTree = "<group>"; };
		F06610592241E18100FC8267 /* ESCPersonModel+Test.m */ = {isa = PBXFileReference; lastKnownFileType = sourcecode.c.objc; path = "ESCPersonModel+Test.m"; sourceTree = "<group>"; };
/* End PBXFileReference section */

/* Begin PBXFrameworksBuildPhase section */
		F06610392241DF2100FC8267 /* Frameworks */ = {
			isa = PBXFrameworksBuildPhase;
			buildActionMask = 2147483647;
			files = (
			);
			runOnlyForDeploymentPostprocessing = 0;
		};
/* End PBXFrameworksBuildPhase section */

/* Begin PBXGroup section */
		F06610332241DF2100FC8267 = {
			isa = PBXGroup;
			children = (
				F066103E2241DF2100FC8267 /* ESCRunTimeDemo */,
				F066103D2241DF2100FC8267 /* Products */,
			);
			sourceTree = "<group>";
		};
		F066103D2241DF2100FC8267 /* Products */ = {
			isa = PBXGroup;
			children = (
				F066103C2241DF2100FC8267 /* ESCRunTimeDemo.app */,
			);
			name = Products;
			sourceTree = "<group>";
		};
		F066103E2241DF2100FC8267 /* ESCRunTimeDemo */ = {
			isa = PBXGroup;
			children = (
				F066103F2241DF2100FC8267 /* AppDelegate.h */,
				F06610402241DF2100FC8267 /* AppDelegate.m */,
				F06610422241DF2100FC8267 /* ViewController.h */,
				F06610432241DF2100FC8267 /* ViewController.m */,
				F06610452241DF2100FC8267 /* Main.storyboard */,
				F06610482241DF2500FC8267 /* Assets.xcassets */,
				F066104A2241DF2500FC8267 /* LaunchScreen.storyboard */,
				F066104D2241DF2500FC8267 /* Info.plist */,
				F066104E2241DF2500FC8267 /* main.m */,
				F06610552241DF4800FC8267 /* ESCPersonModel.h */,
				F06610562241DF4800FC8267 /* ESCPersonModel.m */,
				F06610582241E18100FC8267 /* ESCPersonModel+Test.h */,
				F06610592241E18100FC8267 /* ESCPersonModel+Test.m */,
				5C5F52912B5376E800D586F6 /* UIViewController+ESC.h */,
				5C5F52922B5376E800D586F6 /* UIViewController+ESC.m */,
			);
			path = ESCRunTimeDemo;
			sourceTree = "<group>";
		};
/* End PBXGroup section */

/* Begin PBXNativeTarget section */
		F066103B2241DF2100FC8267 /* ESCRunTimeDemo */ = {
			isa = PBXNativeTarget;
			buildConfigurationList = F06610522241DF2500FC8267 /* Build configuration list for PBXNativeTarget "ESCRunTimeDemo" */;
			buildPhases = (
				F06610382241DF2100FC8267 /* Sources */,
				F06610392241DF2100FC8267 /* Frameworks */,
				F066103A2241DF2100FC8267 /* Resources */,
			);
			buildRules = (
			);
			dependencies = (
			);
			name = ESCRunTimeDemo;
			productName = ESCRunTimeDemo;
			productReference = F066103C2241DF2100FC8267 /* ESCRunTimeDemo.app */;
			productType = "com.apple.product-type.application";
		};
/* End PBXNativeTarget section */

/* Begin PBXProject section */
		F06610342241DF2100FC8267 /* Project object */ = {
			isa = PBXProject;
			attributes = {
				LastUpgradeCheck = 1010;
				ORGANIZATIONNAME = xiang;
				TargetAttributes = {
					F066103B2241DF2100FC8267 = {
						CreatedOnToolsVersion = 10.1;
					};
				};
			};
			buildConfigurationList = F06610372241DF2100FC8267 /* Build configuration list for PBXProject "ESCRunTimeDemo" */;
			compatibilityVersion = "Xcode 9.3";
			developmentRegion = en;
			hasScannedForEncodings = 0;
			knownRegions = (
				en,
				Base,
			);
			mainGroup = F06610332241DF2100FC8267;
			productRefGroup = F066103D2241DF2100FC8267 /* Products */;
			projectDirPath = "";
			projectRoot = "";
			targets = (
				F066103B2241DF2100FC8267 /* ESCRunTimeDemo */,
			);
		};
/* End PBXProject section */

/* Begin PBXResourcesBuildPhase section */
		F066103A2241DF2100FC8267 /* Resources */ = {
			isa = PBXResourcesBuildPhase;
			buildActionMask = 2147483647;
			files = (
				F066104C2241DF2500FC8267 /* LaunchScreen.storyboard in Resources */,
				F06610492241DF2500FC8267 /* Assets.xcassets in Resources */,
				F06610472241DF2100FC8267 /* Main.storyboard in Resources */,
			);
			runOnlyForDeploymentPostprocessing = 0;
		};
/* End PBXResourcesBuildPhase section */

/* Begin PBXSourcesBuildPhase section */
		F06610382241DF2100FC8267 /* Sources */ = {
			isa = PBXSourcesBuildPhase;
			buildActionMask = 2147483647;
			files = (
				F06610442241DF2100FC8267 /* ViewController.m in Sources */,
				F066104F2241DF2500FC8267 /* main.m in Sources */,
				5C5F52932B5376E800D586F6 /* UIViewController+ESC.m in Sources */,
				F066105A2241E18100FC8267 /* ESCPersonModel+Test.m in Sources */,
				F06610572241DF4800FC8267 /* ESCPersonModel.m in Sources */,
				F06610412241DF2100FC8267 /* AppDelegate.m in Sources */,
			);
			runOnlyForDeploymentPostprocessing = 0;
		};
/* End PBXSourcesBuildPhase section */

/* Begin PBXVariantGroup section */
		F06610452241DF2100FC8267 /* Main.storyboard */ = {
			isa = PBXVariantGroup;
			children = (
				F06610462241DF2100FC8267 /* Base */,
			);
			name = Main.storyboard;
			sourceTree = "<group>";
		};
		F066104A2241DF2500FC8267 /* LaunchScreen.storyboard */ = {
			isa = PBXVariantGroup;
			children = (
				F066104B2241DF2500FC8267 /* Base */,
			);
			name = LaunchScreen.storyboard;
			sourceTree = "<group>";
		};
/* End PBXVariantGroup section */

/* Begin XCBuildConfiguration section */
		F06610502241DF2500FC8267 /* Debug */ = {
			isa = XCBuildConfiguration;
			buildSettings = {
				ALWAYS_SEARCH_USER_PATHS = NO;
				CLANG_ANALYZER_NONNULL = YES;
				CLANG_ANALYZER_NUMBER_OBJECT_CONVERSION = YES_AGGRESSIVE;
				CLANG_CXX_LANGUAGE_STANDARD = "gnu++14";
				CLANG_CXX_LIBRARY = "libc++";
				CLANG_ENABLE_MODULES = YES;
				CLANG_ENABLE_OBJC_ARC = YES;
				CLANG_ENABLE_OBJC_WEAK = YES;
				CLANG_WARN_BLOCK_CAPTURE_AUTORELEASING = YES;
				CLANG_WARN_BOOL_CONVERSION = YES;
				CLANG_WARN_COMMA = YES;
				CLANG_WARN_CONSTANT_CONVERSION = YES;
				CLANG_WARN_DEPRECATED_OBJC_IMPLEMENTATIONS = YES;
				CLANG_WARN_DIRECT_OBJC_ISA_USAGE = YES_ERROR;
				CLANG_WARN_DOCUMENTATION_COMMENTS = YES;
				CLANG_WARN_EMPTY_BODY = YES;
				CLANG_WARN_ENUM_CONVERSION = YES;
				CLANG_WARN_INFINITE_RECURSION = YES;
				CLANG_WARN_INT_CONVERSION = YES;
				CLANG_WARN_NON_LITERAL_NULL_CONVERSION = YES;
				CLANG_WARN_OBJC_IMPLICIT_RETAIN_SELF = YES;
				CLANG_WARN_OBJC_LITERAL_CONVERSION = YES;
				CLANG_WARN_OBJC_ROOT_CLASS = YES_ERROR;
				CLANG_WARN_RANGE_LOOP_ANALYSIS = YES;
				CLANG_WARN_STRICT_PROTOTYPES = YES;
				CLANG_WARN_SUSPICIOUS_MOVE = YES;
				CLANG_WARN_UNGUARDED_AVAILABILITY = YES_AGGRESSIVE;
				CLANG_WARN_UNREACHABLE_CODE = YES;
				CLANG_WARN__DUPLICATE_METHOD_MATCH = YES;
				CODE_SIGN_IDENTITY = "iPhone Developer";
				COPY_PHASE_STRIP = NO;
				DEBUG_INFORMATION_FORMAT = dwarf;
				ENABLE_STRICT_OBJC_MSGSEND = YES;
				ENABLE_TESTABILITY = YES;
				GCC_C_LANGUAGE_STANDARD = gnu11;
				GCC_DYNAMIC_NO_PIC = NO;
				GCC_NO_COMMON_BLOCKS = YES;
				GCC_OPTIMIZATION_LEVEL = 0;
				GCC_PREPROCESSOR_DEFINITIONS = (
					"DEBUG=1",
					"$(inherited)",
				);
				GCC_WARN_64_TO_32_BIT_CONVERSION = YES;
				GCC_WARN_ABOUT_RETURN_TYPE = YES_ERROR;
				GCC_WARN_UNDECLARED_SELECTOR = YES;
				GCC_WARN_UNINITIALIZED_AUTOS = YES_AGGRESSIVE;
				GCC_WARN_UNUSED_FUNCTION = YES;
				GCC_WARN_UNUSED_VARIABLE = YES;
				IPHONEOS_DEPLOYMENT_TARGET = 12.1;
				MTL_ENABLE_DEBUG_INFO = INCLUDE_SOURCE;
				MTL_FAST_MATH = YES;
				ONLY_ACTIVE_ARCH = YES;
				SDKROOT = iphoneos;
			};
			name = Debug;
		};
		F06610512241DF2500FC8267 /* Release */ = {
			isa = XCBuildConfiguration;
			buildSettings = {
				ALWAYS_SEARCH_USER_PATHS = NO;
				CLANG_ANALYZER_NONNULL = YES;
				CLANG_ANALYZER_NUMBER_OBJECT_CONVERSION = YES_AGGRESSIVE;
				CLANG_CXX_LANGUAGE_STANDARD = "gnu++14";
				CLANG_CXX_LIBRARY = "libc++";
				CLANG_ENABLE_MODULES = YES;
				CLANG_ENABLE_OBJC_ARC = YES;
				CLANG_ENABLE_OBJC_WEAK = YES;
				CLANG_WARN_BLOCK_CAPTURE_AUTORELEASING = YES;
				CLANG_WARN_BOOL_CONVERSION = YES;
				CLANG_WARN_COMMA = YES;
				CLANG_WARN_CONSTANT_CONVERSION = YES;
				CLANG_WARN_DEPRECATED_OBJC_IMPLEMENTATIONS = YES;
				CLANG_WARN_DIRECT_OBJC_ISA_USAGE = YES_ERROR;
				CLANG_WARN_DOCUMENTATION_COMMENTS = YES;
				CLANG_WARN_EMPTY_BODY = YES;
				CLANG_WARN_ENUM_CONVERSION = YES;
				CLANG_WARN_INFINITE_RECURSION = YES;
				CLANG_WARN_INT_CONVERSION = YES;
				CLANG_WARN_NON_LITERAL_NULL_CONVERSION = YES;
				CLANG_WARN_OBJC_IMPLICIT_RETAIN_SELF = YES;
				CLANG_WARN_OBJC_LITERAL_CONVERSION = YES;
				CLANG_WARN_OBJC_ROOT_CLASS = YES_ERROR;
				CLANG_WARN_RANGE_LOOP_ANALYSIS = YES;
				CLANG_WARN_STRICT_PROTOTYPES = YES;
				CLANG_WARN_SUSPICIOUS_MOVE = YES;
				CLANG_WARN_UNGUARDED_AVAILABILITY = YES_AGGRESSIVE;
				CLANG_WARN_UNREACHABLE_CODE = YES;
				CLANG_WARN__DUPLICATE_METHOD_MATCH = YES;
				CODE_SIGN_IDENTITY = "iPhone Developer";
				COPY_PHASE_STRIP = NO;
				DEBUG_INFORMATION_FORMAT = "dwarf-with-dsym";
				ENABLE_NS_ASSERTIONS = NO;
				ENABLE_STRICT_OBJC_MSGSEND = YES;
				GCC_C_LANGUAGE_STANDARD = gnu11;
				GCC_NO_COMMON_BLOCKS = YES;
				GCC_WARN_64_TO_32_BIT_CONVERSION = YES;
				GCC_WARN_ABOUT_RETURN_TYPE = YES_ERROR;
				GCC_WARN_UNDECLARED_SELECTOR = YES;
				GCC_WARN_UNINITIALIZED_AUTOS = YES_AGGRESSIVE;
				GCC_WARN_UNUSED_FUNCTION = YES;
				GCC_WARN_UNUSED_VARIABLE = YES;
				IPHONEOS_DEPLOYMENT_TARGET = 12.1;
				MTL_ENABLE_DEBUG_INFO = NO;
				MTL_FAST_MATH = YES;
				SDKROOT = iphoneos;
				VALIDATE_PRODUCT = YES;
			};
			name = Release;
		};
		F06610532241DF2500FC8267 /* Debug */ = {
			isa = XCBuildConfiguration;
			buildSettings = {
				ASSETCATALOG_COMPILER_APPICON_NAME = AppIcon;
				CODE_SIGN_STYLE = Automatic;
				DEVELOPMENT_TEAM = NZ6KCMA9HH;
				INFOPLIST_FILE = ESCRunTimeDemo/Info.plist;
				IPHONEOS_DEPLOYMENT_TARGET = 11.0;
				LD_RUNPATH_SEARCH_PATHS = (
					"$(inherited)",
					"@executable_path/Frameworks",
				);
				PRODUCT_BUNDLE_IDENTIFIER = com.xiang.ESCRunTimeDemo;
				PRODUCT_NAME = "$(TARGET_NAME)";
				TARGETED_DEVICE_FAMILY = "1,2";
			};
			name = Debug;
		};
		F06610542241DF2500FC8267 /* Release */ = {
			isa = XCBuildConfiguration;
			buildSettings = {
				ASSETCATALOG_COMPILER_APPICON_NAME = AppIcon;
				CODE_SIGN_STYLE = Automatic;
				DEVELOPMENT_TEAM = NZ6KCMA9HH;
				INFOPLIST_FILE = ESCRunTimeDemo/Info.plist;
				IPHONEOS_DEPLOYMENT_TARGET = 11.0;
				LD_RUNPATH_SEARCH_PATHS = (
					"$(inherited)",
					"@executable_path/Frameworks",
				);
				PRODUCT_BUNDLE_IDENTIFIER = com.xiang.ESCRunTimeDemo;
				PRODUCT_NAME = "$(TARGET_NAME)";
				TARGETED_DEVICE_FAMILY = "1,2";
			};
			name = Release;
		};
/* End XCBuildConfiguration section */

/* Begin XCConfigurationList section */
		F06610372241DF2100FC8267 /* Build configuration list for PBXProject "ESCRunTimeDemo" */ = {
			isa = XCConfigurationList;
			buildConfigurations = (
				F06610502241DF2500FC8267 /* Debug */,
				F06610512241DF2500FC8267 /* Release */,
			);
			defaultConfigurationIsVisible = 0;
			defaultConfigurationName = Release;
		};
		F06610522241DF2500FC8267 /* Build configuration list for PBXNativeTarget "ESCRunTimeDemo" */ = {
			isa = XCConfigurationList;
			buildConfigurations = (
				F06610532241DF2500FC8267 /* Debug */,
				F06610542241DF2500FC8267 /* Release */,
			);
			defaultConfigurationIsVisible = 0;
			defaultConfigurationName = Release;
		};
/* End XCConfigurationList section */
	};
	rootObject = F06610342241DF2100FC8267 /* Project object */;
}
